
Microsoft Visual Studio Solution File, Format Version 12.00
# Visual Studio Version 16
VisualStudioVersion = 16.0.32106.194
MinimumVisualStudioVersion = 10.0.40219.1
Project("{FAE04EC0-301F-11D3-BF4B-00C04F79EFBC}") = "TestAzureRajPracticeWebApp", "TestAzureRajPracticeWebApp.csproj", "{09AD03FB-B503-40CF-BDD7-0837D85C4DCC}"
EndProject
Global
	GlobalSection(SolutionConfigurationPlatforms) = preSolution
		Debug|Any CPU = Debug|Any CPU
		Release|Any CPU = Release|Any CPU
	EndGlobalSection
	GlobalSection(ProjectConfigurationPlatforms) = postSolution
		{09AD03FB-B503-40CF-BDD7-0837D85C4DCC}.Debug|Any CPU.ActiveCfg = Debug|Any CPU
		{09AD03FB-B503-40CF-BDD7-0837D85C4DCC}.Debug|Any CPU.Build.0 = Debug|Any CPU
		{09AD03FB-B503-40CF-BDD7-0837D85C4DCC}.Release|Any CPU.ActiveCfg = Release|Any CPU
		{09AD03FB-B503-40CF-BDD7-0837D85C4DCC}.Release|Any CPU.Build.0 = Release|Any CPU
	EndGlobalSection
	GlobalSection(SolutionProperties) = preSolution
		HideSolutionNode = FALSE
	EndGlobalSection
	GlobalSection(ExtensibilityGlobals) = postSolution
		SolutionGuid = {53BF03AA-18BC-40D8-B201-3F03409D3315}
	EndGlobalSection
EndGlobal
